Microsoft Visual Studio Solution File, Format Version 7.00
Project("{8BC9CEB8-8B4A-11D0-8D11-00A0C91BC942}") = "testdll", "testdll.vcproj", "{95E169CE-363E-4AF9-AF32-E4F6A648E947}"
EndProject
Project("{8BC9CEB8-8B4A-11D0-8D11-00A0C91BC942}") = "dllcall", "..\dllcall\dllcall.vcproj", "{1C1B866D-47C4-4CD5-928A-F013A9076B71}"
EndProject
Global
	GlobalSection(SolutionConfiguration) = preSolution
		ConfigName.0 = Debug
		ConfigName.1 = Release
	EndGlobalSection
	GlobalSection(ProjectDependencies) = postSolution
		{1C1B866D-47C4-4CD5-928A-F013A9076B71}.0 = {95E169CE-363E-4AF9-AF32-E4F6A648E947}
	EndGlobalSection
	GlobalSection(ProjectConfiguration) = postSolution
		{95E169CE-363E-4AF9-AF32-E4F6A648E947}.Debug.ActiveCfg = Debug|Win32
		{95E169CE-363E-4AF9-AF32-E4F6A648E947}.Debug.Build.0 = Debug|Win32
		{95E169CE-363E-4AF9-AF32-E4F6A648E947}.Release.ActiveCfg = Release|Win32
		{95E169CE-363E-4AF9-AF32-E4F6A648E947}.Release.Build.0 = Release|Win32
		{1C1B866D-47C4-4CD5-928A-F013A9076B71}.Debug.ActiveCfg = Debug|Win32
		{1C1B866D-47C4-4CD5-928A-F013A9076B71}.Debug.Build.0 = Debug|Win32
		{1C1B866D-47C4-4CD5-928A-F013A9076B71}.Release.ActiveCfg = Release|Win32
		{1C1B866D-47C4-4CD5-928A-F013A9076B71}.Release.Build.0 = Release|Win32
	EndGlobalSection
	GlobalSection(ExtensibilityGlobals) = postSolution
	EndGlobalSection
	GlobalSection(ExtensibilityAddIns) = postSolution
	EndGlobalSection
EndGlobal
